
Microsoft Visual Studio Solution File, Format Version 12.00
# Visual Studio 15
VisualStudioVersion = 15.0.27004.2006
MinimumVisualStudioVersion = 10.0.40219.1
Project("{F184B08F-C81C-45F6-A57F-5ABD9991F28F}") = "searching", "searching\searching.vbproj", "{FCC24D21-6211-4B3D-A9F6-CE5E79852CB3}"
EndProject
Global
	GlobalSection(SolutionConfigurationPlatforms) = preSolution
		Debug|Any CPU = Debug|Any CPU
		Release|Any CPU = Release|Any CPU
	EndGlobalSection
	GlobalSection(ProjectConfigurationPlatforms) = postSolution
		{FCC24D21-6211-4B3D-A9F6-CE5E79852CB3}.Debug|Any CPU.ActiveCfg = Debug|Any CPU
		{FCC24D21-6211-4B3D-A9F6-CE5E79852CB3}.Debug|Any CPU.Build.0 = Debug|Any CPU
		{FCC24D21-6211-4B3D-A9F6-CE5E79852CB3}.Release|Any CPU.ActiveCfg = Release|Any CPU
		{FCC24D21-6211-4B3D-A9F6-CE5E79852CB3}.Release|Any CPU.Build.0 = Release|Any CPU
	EndGlobalSection
	GlobalSection(SolutionProperties) = preSolution
		HideSolutionNode = FALSE
	EndGlobalSection
	GlobalSection(ExtensibilityGlobals) = postSolution
		SolutionGuid = {F2CDFFC7-A1B1-4E03-A0E6-90CAA0967771}
	EndGlobalSection
EndGlobal
